
Microsoft Visual Studio Solution File, Format Version 12.00
# Visual Studio Version 16
VisualStudioVersion = 16.0.29326.143
MinimumVisualStudioVersion = 10.0.40219.1
Project("{FAE04EC0-301F-11D3-BF4B-00C04F79EFBC}") = "ElevatorSimulator", "ElevatorSimulator\ElevatorSimulator.csproj", "{00013ACD-04CF-481E-8FDF-36BBCD86F7D7}"
EndProject
Global
	GlobalSection(SolutionConfigurationPlatforms) = preSolution
		Debug|Any CPU = Debug|Any CPU
		Debug|x64 = Debug|x64
		Release|Any CPU = Release|Any CPU
		Release|x64 = Release|x64
	EndGlobalSection
	GlobalSection(ProjectConfigurationPlatforms) = postSolution
		{00013ACD-04CF-481E-8FDF-36BBCD86F7D7}.Debug|Any CPU.ActiveCfg = Debug|Any CPU
		{00013ACD-04CF-481E-8FDF-36BBCD86F7D7}.Debug|Any CPU.Build.0 = Debug|Any CPU
		{00013ACD-04CF-481E-8FDF-36BBCD86F7D7}.Debug|x64.ActiveCfg = Debug|x64
		{00013ACD-04CF-481E-8FDF-36BBCD86F7D7}.Debug|x64.Build.0 = Debug|x64
		{00013ACD-04CF-481E-8FDF-36BBCD86F7D7}.Release|Any CPU.ActiveCfg = Release|Any CPU
		{00013ACD-04CF-481E-8FDF-36BBCD86F7D7}.Release|Any CPU.Build.0 = Release|Any CPU
		{00013ACD-04CF-481E-8FDF-36BBCD86F7D7}.Release|x64.ActiveCfg = Release|x64
		{00013ACD-04CF-481E-8FDF-36BBCD86F7D7}.Release|x64.Build.0 = Release|x64
	EndGlobalSection
	GlobalSection(SolutionProperties) = preSolution
		HideSolutionNode = FALSE
	EndGlobalSection
	GlobalSection(ExtensibilityGlobals) = postSolution
		SolutionGuid = {9296F0A9-A7E8-4C6B-A456-8C77C47E257B}
	EndGlobalSection
EndGlobal
